
Microsoft Visual Studio Solution File, Format Version 12.00
# Visual Studio 15
VisualStudioVersion = 15.0.28307.572
MinimumVisualStudioVersion = 10.0.40219.1
Project("{FAE04EC0-301F-11D3-BF4B-00C04F79EFBC}") = "Task_4", "Task_4\Task_4.csproj", "{4A83A760-334A-4255-AACA-DE3A8C14A8EC}"
EndProject
Project("{FAE04EC0-301F-11D3-BF4B-00C04F79EFBC}") = "Migrations", "Migrations\Migrations.csproj", "{91EDAAC8-3844-4804-B88A-47B6272CC12A}"
EndProject
Project("{2150E333-8FDC-42A3-9474-1A3956D46DE8}") = "Database", "Database", "{8C11760C-ABE2-4AF6-8266-BF2FDE3D4348}"
EndProject
Project("{2150E333-8FDC-42A3-9474-1A3956D46DE8}") = "Core", "Core", "{D9C45AB8-2A46-42D7-AACC-140813D4540F}"
EndProject
Project("{FAE04EC0-301F-11D3-BF4B-00C04F79EFBC}") = "Domain", "Domain\Domain.csproj", "{D0F743F0-ED5E-4138-A3A1-7B21F0CB0B9F}"
EndProject
Project("{2150E333-8FDC-42A3-9474-1A3956D46DE8}") = "DAL", "DAL", "{1A26D898-15FF-44C4-ABA0-E62A4BDB428B}"
EndProject
Project("{FAE04EC0-301F-11D3-BF4B-00C04F79EFBC}") = "Models", "Models\Models.csproj", "{54630F6C-6393-4F0F-A8B2-2105408AC742}"
EndProject
Project("{2150E333-8FDC-42A3-9474-1A3956D46DE8}") = "BLL", "BLL", "{93806DB4-0632-4E99-9983-79C2B2C0320F}"
EndProject
Global
	GlobalSection(SolutionConfigurationPlatforms) = preSolution
		Debug|Any CPU = Debug|Any CPU
		Release|Any CPU = Release|Any CPU
	EndGlobalSection
	GlobalSection(ProjectConfigurationPlatforms) = postSolution
		{4A83A760-334A-4255-AACA-DE3A8C14A8EC}.Debug|Any CPU.ActiveCfg = Debug|Any CPU
		{4A83A760-334A-4255-AACA-DE3A8C14A8EC}.Debug|Any CPU.Build.0 = Debug|Any CPU
		{4A83A760-334A-4255-AACA-DE3A8C14A8EC}.Release|Any CPU.ActiveCfg = Release|Any CPU
		{4A83A760-334A-4255-AACA-DE3A8C14A8EC}.Release|Any CPU.Build.0 = Release|Any CPU
		{91EDAAC8-3844-4804-B88A-47B6272CC12A}.Debug|Any CPU.ActiveCfg = Debug|Any CPU
		{91EDAAC8-3844-4804-B88A-47B6272CC12A}.Debug|Any CPU.Build.0 = Debug|Any CPU
		{91EDAAC8-3844-4804-B88A-47B6272CC12A}.Release|Any CPU.ActiveCfg = Release|Any CPU
		{91EDAAC8-3844-4804-B88A-47B6272CC12A}.Release|Any CPU.Build.0 = Release|Any CPU
		{D0F743F0-ED5E-4138-A3A1-7B21F0CB0B9F}.Debug|Any CPU.ActiveCfg = Debug|Any CPU
		{D0F743F0-ED5E-4138-A3A1-7B21F0CB0B9F}.Debug|Any CPU.Build.0 = Debug|Any CPU
		{D0F743F0-ED5E-4138-A3A1-7B21F0CB0B9F}.Release|Any CPU.ActiveCfg = Release|Any CPU
		{D0F743F0-ED5E-4138-A3A1-7B21F0CB0B9F}.Release|Any CPU.Build.0 = Release|Any CPU
		{54630F6C-6393-4F0F-A8B2-2105408AC742}.Debug|Any CPU.ActiveCfg = Debug|Any CPU
		{54630F6C-6393-4F0F-A8B2-2105408AC742}.Debug|Any CPU.Build.0 = Debug|Any CPU
		{54630F6C-6393-4F0F-A8B2-2105408AC742}.Release|Any CPU.ActiveCfg = Release|Any CPU
		{54630F6C-6393-4F0F-A8B2-2105408AC742}.Release|Any CPU.Build.0 = Release|Any CPU
	EndGlobalSection
	GlobalSection(SolutionProperties) = preSolution
		HideSolutionNode = FALSE
	EndGlobalSection
	GlobalSection(NestedProjects) = preSolution
		{91EDAAC8-3844-4804-B88A-47B6272CC12A} = {8C11760C-ABE2-4AF6-8266-BF2FDE3D4348}
		{D0F743F0-ED5E-4138-A3A1-7B21F0CB0B9F} = {93806DB4-0632-4E99-9983-79C2B2C0320F}
		{1A26D898-15FF-44C4-ABA0-E62A4BDB428B} = {D9C45AB8-2A46-42D7-AACC-140813D4540F}
		{54630F6C-6393-4F0F-A8B2-2105408AC742} = {1A26D898-15FF-44C4-ABA0-E62A4BDB428B}
		{93806DB4-0632-4E99-9983-79C2B2C0320F} = {D9C45AB8-2A46-42D7-AACC-140813D4540F}
	EndGlobalSection
	GlobalSection(ExtensibilityGlobals) = postSolution
		SolutionGuid = {5A1E1779-D877-4409-9A3A-D07F2D51EC97}
	EndGlobalSection
EndGlobal
